<?xml version="1.0" encoding="utf-8"?>
<Project ToolsVersion="4.0" xmlns="http://schemas.microsoft.com/developer/msbuild/2003">
  <ItemGroup>
    <Filter Include="Source Files">
      <UniqueIdentifier>{4FC737F1-C7A5-4376-A066-2A32D752A2FF}</UniqueIdentifier>
      <Extensions>cpp;c;cc;cxx;c++;cppm;ixx;def;odl;idl;hpj;bat;asm;asmx</Extensions>
    </Filter>
    <Filter Include="Header Files">
      <UniqueIdentifier>{93995380-89BD-4b04-88EB-625FBE52EBFB}</UniqueIdentifier>
      <Extensions>h;hh;hpp;hxx;h++;hm;inl;inc;ipp;xsd</Extensions>
    </Filter>
    <Filter Include="Resource Files">
      <UniqueIdentifier>{67DA6AB6-F800-4c08-8B7A-83BB121AAD01}</UniqueIdentifier>
      <Extensions>rc;ico;cur;bmp;dlg;rc2;rct;bin;rgs;gif;jpg;jpeg;jpe;resx;tiff;tif;png;wav;mfcribbon-ms</Extensions>
    </Filter>
  </ItemGroup>
  <ItemGroup>
    <ClCompile Include="src\app\input\input_handler.cpp">
      <Filter>Source Files</Filter>
    </ClCompile>
    <ClCompile Include="src\app\input\input_handler.ixx">
      <Filter>Source Files</Filter>
    </ClCompile>
    <ClCompile Include="src\app\input\key.cpp">
      <Filter>Source Files</Filter>
    </ClCompile>
    <ClCompile Include="src\app\input\key.ixx">
      <Filter>Source Files</Filter>
    </ClCompile>
    <ClCompile Include="src\app\rendering\frame\frame.cpp">
      <Filter>Source Files</Filter>
    </ClCompile>
    <ClCompile Include="src\app\rendering\frame\frame.ixx">
      <Filter>Source Files</Filter>
    </ClCompile>
    <ClCompile Include="src\app\rendering\frame\gui_frame.cpp">
      <Filter>Source Files</Filter>
    </ClCompile>
    <ClCompile Include="src\app\rendering\frame\gui_frame.ixx">
      <Filter>Source Files</Filter>
    </ClCompile>
    <ClCompile Include="src\app\rendering\frame\world_frame.cpp">
      <Filter>Source Files</Filter>
    </ClCompile>
    <ClCompile Include="src\app\rendering\frame\world_frame.ixx">
      <Filter>Source Files</Filter>
    </ClCompile>
    <ClCompile Include="src\app\rendering\bezier.ixx">
      <Filter>Source Files</Filter>
    </ClCompile>
    <ClCompile Include="src\app\rendering\renderer.cpp">
      <Filter>Source Files</Filter>
    </ClCompile>
    <ClCompile Include="src\app\rendering\renderer.ixx">
      <Filter>Source Files</Filter>
    </ClCompile>
    <ClCompile Include="src\app\app.cpp">
      <Filter>Source Files</Filter>
    </ClCompile>
    <ClCompile Include="src\app\app.ixx">
      <Filter>Source Files</Filter>
    </ClCompile>
    <ClCompile Include="src\app\update_cycle.ixx">
      <Filter>Source Files</Filter>
    </ClCompile>
    <ClCompile Include="src\app\window.ixx">
      <Filter>Source Files</Filter>
    </ClCompile>
    <ClCompile Include="src\gl_wrapper\shaders\component\frag.ixx">
      <Filter>Source Files</Filter>
    </ClCompile>
    <ClCompile Include="src\gl_wrapper\shaders\component\geom.ixx">
      <Filter>Source Files</Filter>
    </ClCompile>
    <ClCompile Include="src\gl_wrapper\shaders\component\vert.ixx">
      <Filter>Source Files</Filter>
    </ClCompile>
    <ClCompile Include="src\gl_wrapper\shaders\program.cpp">
      <Filter>Source Files</Filter>
    </ClCompile>
    <ClCompile Include="src\gl_wrapper\shaders\program.ixx">
      <Filter>Source Files</Filter>
    </ClCompile>
    <ClCompile Include="src\gl_wrapper\shaders\query_object.cpp">
      <Filter>Source Files</Filter>
    </ClCompile>
    <ClCompile Include="src\gl_wrapper\shaders\shader.cpp">
      <Filter>Source Files</Filter>
    </ClCompile>
    <ClCompile Include="src\gl_wrapper\shaders\shader.ixx">
      <Filter>Source Files</Filter>
    </ClCompile>
    <ClCompile Include="src\gl_wrapper\shaders\shaders.ixx">
      <Filter>Source Files</Filter>
    </ClCompile>
    <ClCompile Include="src\gl_wrapper\shaders\ubo.ixx">
      <Filter>Source Files</Filter>
    </ClCompile>
    <ClCompile Include="src\gl_wrapper\shaders\uniform.ixx">
      <Filter>Source Files</Filter>
    </ClCompile>
    <ClCompile Include="src\gl_wrapper\shaders\vao.ixx">
      <Filter>Source Files</Filter>
    </ClCompile>
    <ClCompile Include="src\gl_wrapper\shaders\vertex_layout.ixx">
      <Filter>Source Files</Filter>
    </ClCompile>
    <ClCompile Include="src\gl_wrapper\bo_heap.cpp">
      <Filter>Source Files</Filter>
    </ClCompile>
    <ClCompile Include="src\gl_wrapper\bo_heap.ixx">
      <Filter>Source Files</Filter>
    </ClCompile>
    <ClCompile Include="src\gl_wrapper\buffer_object.ixx">
      <Filter>Source Files</Filter>
    </ClCompile>
    <ClCompile Include="src\gl_wrapper\fbo.ixx">
      <Filter>Source Files</Filter>
    </ClCompile>
    <ClCompile Include="src\gl_wrapper\query_object.ixx">
      <Filter>Source Files</Filter>
    </ClCompile>
    <ClCompile Include="src\gl_wrapper\texture.cpp">
      <Filter>Source Files</Filter>
    </ClCompile>
    <ClCompile Include="src\gl_wrapper\texture.ixx">
      <Filter>Source Files</Filter>
    </ClCompile>
    <ClCompile Include="src\util\container\free_list.ixx">
      <Filter>Source Files</Filter>
    </ClCompile>
    <ClCompile Include="src\util\container\runtime_array.ixx">
      <Filter>Source Files</Filter>
    </ClCompile>
    <ClCompile Include="src\util\container\small_vector.ixx">
      <Filter>Source Files</Filter>
    </ClCompile>
    <ClCompile Include="src\util\color.ixx">
      <Filter>Source Files</Filter>
    </ClCompile>
    <ClCompile Include="src\util\debug.ixx">
      <Filter>Source Files</Filter>
    </ClCompile>
    <ClCompile Include="src\util\func.ixx">
      <Filter>Source Files</Filter>
    </ClCompile>
    <ClCompile Include="src\util\gl_debug.ixx">
      <Filter>Source Files</Filter>
    </ClCompile>
    <ClCompile Include="src\util\gl_type_macro.ixx">
      <Filter>Source Files</Filter>
    </ClCompile>
    <ClCompile Include="src\util\glm.ixx">
      <Filter>Source Files</Filter>
    </ClCompile>
    <ClCompile Include="src\util\math.ixx">
      <Filter>Source Files</Filter>
    </ClCompile>
    <ClCompile Include="src\util\poly.ixx">
      <Filter>Source Files</Filter>
    </ClCompile>
    <ClCompile Include="src\util\screen.ixx">
      <Filter>Source Files</Filter>
    </ClCompile>
    <ClCompile Include="src\world\collision\partitioning\bvh.cpp">
      <Filter>Source Files</Filter>
    </ClCompile>
    <ClCompile Include="src\world\collision\partitioning\bvh.ixx">
      <Filter>Source Files</Filter>
    </ClCompile>
    <ClCompile Include="src\world\collision\partitioning\bvh2.cpp">
      <Filter>Source Files</Filter>
    </ClCompile>
    <ClCompile Include="src\world\collision\partitioning\bvh2.ixx">
      <Filter>Source Files</Filter>
    </ClCompile>
    <ClCompile Include="src\world\collision\partitioning\hash_grid.ixx">
      <Filter>Source Files</Filter>
    </ClCompile>
    <ClCompile Include="src\world\collision\partitioning\quadtree.cpp">
      <Filter>Source Files</Filter>
    </ClCompile>
    <ClCompile Include="src\world\collision\partitioning\quadtree.ixx">
      <Filter>Source Files</Filter>
    </ClCompile>
    <ClCompile Include="src\world\collision\aabb.ixx">
      <Filter>Source Files</Filter>
    </ClCompile>
    <ClCompile Include="src\world\collision\collision.cpp">
      <Filter>Source Files</Filter>
    </ClCompile>
    <ClCompile Include="src\world\collision\collision.ixx">
      <Filter>Source Files</Filter>
    </ClCompile>
    <ClCompile Include="src\world\collision\generic.ixx">
      <Filter>Source Files</Filter>
    </ClCompile>
    <ClCompile Include="src\world\collision\physics.ixx">
      <Filter>Source Files</Filter>
    </ClCompile>
    <ClCompile Include="src\world\collision\polycirc.ixx">
      <Filter>Source Files</Filter>
    </ClCompile>
    <ClCompile Include="src\world\collision\sat.ixx">
      <Filter>Source Files</Filter>
    </ClCompile>
    <ClCompile Include="src\world\collision\shapes.ixx">
      <Filter>Source Files</Filter>
    </ClCompile>
    <ClCompile Include="src\world\ecs\component.ixx">
      <Filter>Source Files</Filter>
    </ClCompile>
    <ClCompile Include="src\world\ecs\manager.cpp">
      <Filter>Source Files</Filter>
    </ClCompile>
    <ClCompile Include="src\world\ecs\manager.ixx">
      <Filter>Source Files</Filter>
    </ClCompile>
    <ClCompile Include="src\world\camera.cpp">
      <Filter>Source Files</Filter>
    </ClCompile>
    <ClCompile Include="src\world\camera.ixx">
      <Filter>Source Files</Filter>
    </ClCompile>
    <ClCompile Include="src\world\mesh.ixx">
      <Filter>Source Files</Filter>
    </ClCompile>
    <ClCompile Include="src\world\scene.cpp">
      <Filter>Source Files</Filter>
    </ClCompile>
    <ClCompile Include="src\world\scene.ixx">
      <Filter>Source Files</Filter>
    </ClCompile>
    <ClCompile Include="src\gl.c">
      <Filter>Source Files</Filter>
    </ClCompile>
    <ClCompile Include="src\main.cpp">
      <Filter>Source Files</Filter>
    </ClCompile>
  </ItemGroup>
  <ItemGroup>
    <ClInclude Include="src\gl_wrapper\shaders\uniform_macro.h">
      <Filter>Header Files</Filter>
    </ClInclude>
    <ClInclude Include="src\util\gl.h">
      <Filter>Header Files</Filter>
    </ClInclude>
    <ClInclude Include="src\util\main_objects.h">
      <Filter>Header Files</Filter>
    </ClInclude>
  </ItemGroup>
</Project>