<?xml version="1.0" encoding="utf-8"?>
<Project ToolsVersion="4.0" xmlns="http://schemas.microsoft.com/developer/msbuild/2003">
  <ItemGroup>
    <Filter Include="Source Files">
      <UniqueIdentifier>{4FC737F1-C7A5-4376-A066-2A32D752A2FF}</UniqueIdentifier>
      <Extensions>cpp;c;cc;cxx;c++;cppm;ixx;def;odl;idl;hpj;bat;asm;asmx</Extensions>
    </Filter>
    <Filter Include="Header Files">
      <UniqueIdentifier>{93995380-89BD-4b04-88EB-625FBE52EBFB}</UniqueIdentifier>
      <Extensions>h;hh;hpp;hxx;h++;hm;inl;inc;ipp;xsd</Extensions>
    </Filter>
    <Filter Include="Resource Files">
      <UniqueIdentifier>{67DA6AB6-F800-4c08-8B7A-83BB121AAD01}</UniqueIdentifier>
      <Extensions>rc;ico;cur;bmp;dlg;rc2;rct;bin;rgs;gif;jpg;jpeg;jpe;resx;tiff;tif;png;wav;mfcribbon-ms</Extensions>
    </Filter>
  </ItemGroup>
  <ItemGroup>
    <ClCompile Include="src\main.cpp">
      <Filter>Source Files</Filter>
    </ClCompile>
    <ClCompile Include="src\glad.c">
      <Filter>Source Files</Filter>
    </ClCompile>
    <ClCompile Include="src\app\input\input_handler.ixx">
      <Filter>Source Files</Filter>
    </ClCompile>
    <ClCompile Include="src\app\app.ixx">
      <Filter>Source Files</Filter>
    </ClCompile>
    <ClCompile Include="src\app\update_cycle.ixx">
      <Filter>Source Files</Filter>
    </ClCompile>
    <ClCompile Include="src\app\app.cpp">
      <Filter>Source Files</Filter>
    </ClCompile>
    <ClCompile Include="src\app\input\key.ixx">
      <Filter>Source Files</Filter>
    </ClCompile>
    <ClCompile Include="src\app\input\input_handler.cpp">
      <Filter>Source Files</Filter>
    </ClCompile>
    <ClCompile Include="src\app\input\key.cpp">
      <Filter>Source Files</Filter>
    </ClCompile>
    <ClCompile Include="src\util\func.ixx">
      <Filter>Source Files</Filter>
    </ClCompile>
    <ClCompile Include="src\util\vector.ixx">
      <Filter>Source Files</Filter>
    </ClCompile>
    <ClCompile Include="src\world\collision\aabb.ixx">
      <Filter>Source Files</Filter>
    </ClCompile>
    <ClCompile Include="src\gl_wrapper\buffer_objects.ixx">
      <Filter>Source Files</Filter>
    </ClCompile>
    <ClCompile Include="src\world\camera.cpp">
      <Filter>Source Files</Filter>
    </ClCompile>
    <ClCompile Include="src\world\camera.ixx">
      <Filter>Source Files</Filter>
    </ClCompile>
    <ClCompile Include="src\world\collision\sat\sat_misc.ixx">
      <Filter>Source Files</Filter>
    </ClCompile>
    <ClCompile Include="src\world\collision\shapes\circle.cpp">
      <Filter>Source Files</Filter>
    </ClCompile>
    <ClCompile Include="src\world\collision\shapes\circle.ixx">
      <Filter>Source Files</Filter>
    </ClCompile>
    <ClCompile Include="src\world\collision\shapes\collider.cpp">
      <Filter>Source Files</Filter>
    </ClCompile>
    <ClCompile Include="src\world\collision\shapes\collider.ixx">
      <Filter>Source Files</Filter>
    </ClCompile>
    <ClCompile Include="src\util\debug.ixx">
      <Filter>Source Files</Filter>
    </ClCompile>
    <ClCompile Include="src\util\glm.ixx">
      <Filter>Source Files</Filter>
    </ClCompile>
    <ClCompile Include="src\util\gl_debug.ixx">
      <Filter>Source Files</Filter>
    </ClCompile>
    <ClCompile Include="src\world\collision\sat\axis.cpp">
      <Filter>Source Files</Filter>
    </ClCompile>
    <ClCompile Include="src\world\collision\sat\axis.ixx">
      <Filter>Source Files</Filter>
    </ClCompile>
    <ClCompile Include="src\world\collision\sat\circcirc.ixx">
      <Filter>Source Files</Filter>
    </ClCompile>
    <ClCompile Include="src\world\collision\sat\polycirc.ixx">
      <Filter>Source Files</Filter>
    </ClCompile>
    <ClCompile Include="src\world\collision\sat\polypoly.ixx">
      <Filter>Source Files</Filter>
    </ClCompile>
    <ClCompile Include="src\world\collision\sat\query_info.ixx">
      <Filter>Source Files</Filter>
    </ClCompile>
    <ClCompile Include="src\world\collision\sat\sat.ixx">
      <Filter>Source Files</Filter>
    </ClCompile>
    <ClCompile Include="src\world\collision\shapes\polygon.cpp">
      <Filter>Source Files</Filter>
    </ClCompile>
    <ClCompile Include="src\world\collision\shapes\polygon.ixx">
      <Filter>Source Files</Filter>
    </ClCompile>
    <ClCompile Include="src\world\mesh.ixx">
      <Filter>Source Files</Filter>
    </ClCompile>
    <ClCompile Include="src\world\object.cpp">
      <Filter>Source Files</Filter>
    </ClCompile>
    <ClCompile Include="src\world\object.ixx">
      <Filter>Source Files</Filter>
    </ClCompile>
    <ClCompile Include="src\util\poly.ixx">
      <Filter>Source Files</Filter>
    </ClCompile>
    <ClCompile Include="src\util\math.ixx">
      <Filter>Source Files</Filter>
    </ClCompile>
    <ClCompile Include="src\app\rendering\renderer.cpp">
      <Filter>Source Files</Filter>
    </ClCompile>
    <ClCompile Include="src\app\rendering\renderer.ixx">
      <Filter>Source Files</Filter>
    </ClCompile>
    <ClCompile Include="src\world\scene.cpp">
      <Filter>Source Files</Filter>
    </ClCompile>
    <ClCompile Include="src\world\scene.ixx">
      <Filter>Source Files</Filter>
    </ClCompile>
    <ClCompile Include="src\gl_wrapper\shader.cpp">
      <Filter>Source Files</Filter>
    </ClCompile>
    <ClCompile Include="src\gl_wrapper\shader.ixx">
      <Filter>Source Files</Filter>
    </ClCompile>
    <ClCompile Include="src\gl_wrapper\vertices.ixx">
      <Filter>Source Files</Filter>
    </ClCompile>
    <ClCompile Include="src\util\variant.ixx">
      <Filter>Source Files</Filter>
    </ClCompile>
    <ClCompile Include="src\app\cursor.ixx">
      <Filter>Source Files</Filter>
    </ClCompile>
    <ClCompile Include="src\app\cursor.cpp">
      <Filter>Source Files</Filter>
    </ClCompile>
    <ClCompile Include="src\app\rendering\gui\gui_frame.ixx">
      <Filter>Source Files</Filter>
    </ClCompile>
    <ClCompile Include="src\app\rendering\gui\window.ixx">
      <Filter>Source Files</Filter>
    </ClCompile>
    <ClCompile Include="src\gl_wrapper\texture.ixx">
      <Filter>Source Files</Filter>
    </ClCompile>
    <ClCompile Include="src\gl_wrapper\texture.cpp">
      <Filter>Source Files</Filter>
    </ClCompile>
    <ClCompile Include="src\util\color.ixx">
      <Filter>Source Files</Filter>
    </ClCompile>
    <ClCompile Include="src\app\rendering\gui\gui_frame.cpp">
      <Filter>Source Files</Filter>
    </ClCompile>
    <ClCompile Include="src\app\rendering\gui\window.cpp">
      <Filter>Source Files</Filter>
    </ClCompile>
    <ClCompile Include="src\app\rendering\world_frame.ixx">
      <Filter>Source Files</Filter>
    </ClCompile>
    <ClCompile Include="src\app\rendering\world_frame.cpp">
      <Filter>Source Files</Filter>
    </ClCompile>
    <ClCompile Include="src\world\collision\partition\quadtree\quadtree.ixx">
      <Filter>Source Files</Filter>
    </ClCompile>
    <ClCompile Include="src\util\screen.ixx">
      <Filter>Source Files</Filter>
    </ClCompile>
  </ItemGroup>
  <ItemGroup>
    <ClInclude Include="src\util\gl.h">
      <Filter>Header Files</Filter>
    </ClInclude>
  </ItemGroup>
</Project>